
Microsoft Visual Studio Solution File, Format Version 12.00
# Visual Studio Version 16
VisualStudioVersion = 16.0.30104.148
MinimumVisualStudioVersion = 10.0.40219.1
Project("{FAE04EC0-301F-11D3-BF4B-00C04F79EFBC}") = "Nauka7", "Nauka7\Nauka7.csproj", "{4A1D5271-28FC-4F5C-9262-3F7478225813}"
EndProject
Global
	GlobalSection(SolutionConfigurationPlatforms) = preSolution
		Debug|Any CPU = Debug|Any CPU
		Release|Any CPU = Release|Any CPU
	EndGlobalSection
	GlobalSection(ProjectConfigurationPlatforms) = postSolution
		{4A1D5271-28FC-4F5C-9262-3F7478225813}.Debug|Any CPU.ActiveCfg = Debug|Any CPU
		{4A1D5271-28FC-4F5C-9262-3F7478225813}.Debug|Any CPU.Build.0 = Debug|Any CPU
		{4A1D5271-28FC-4F5C-9262-3F7478225813}.Release|Any CPU.ActiveCfg = Release|Any CPU
		{4A1D5271-28FC-4F5C-9262-3F7478225813}.Release|Any CPU.Build.0 = Release|Any CPU
	EndGlobalSection
	GlobalSection(SolutionProperties) = preSolution
		HideSolutionNode = FALSE
	EndGlobalSection
	GlobalSection(ExtensibilityGlobals) = postSolution
		SolutionGuid = {EB011995-084B-4C06-B8B3-0356A77DA1FE}
	EndGlobalSection
EndGlobal
